{
  "name": "AuraTrace",
  "lockfileVersion": 3,
  "requires": true,
  "packages": {
    "": {
      "dependencies": {
        "@auratrace/node": "file:sdk/nodejs"
      }
    },
    "node_modules/@auratrace/node": {
      "resolved": "sdk/nodejs",
      "link": true
    },
    "sdk/nodejs": {
      "name": "@auratrace/node",
      "version": "1.0.0",
      "license": "MIT"
    }
  }
}
