{
  "name": "sdk-test",
  "version": "2.0.0",
  "lockfileVersion": 3,
  "requires": true,
  "packages": {
    "": {
      "name": "sdk-test",
      "version": "2.0.0",
      "license": "ISC",
      "dependencies": {
        "@auratrace/node": "^2.0.0"
      }
    },
    "node_modules/@auratrace/node": {
      "version": "2.0.0",
      "resolved": "https://registry.npmjs.org/@auratrace/node/-/node-2.0.0.tgz",
      "integrity": "sha512-8S36N3Y45VDMde3xCxK93urFr0Bj21Oyh88ASaWTS3EkBAwKIXjEAK8lYWYRYftNPJAUColy8i0Qm7CL1PEnmg==",
      "license": "MIT"
    }
  }
}
