{
  "name": "@auratrace/node",
  "version": "1.0.0",
  "lockfileVersion": 3,
  "requires": true,
  "packages": {
    "": {
      "name": "@auratrace/node",
      "version": "1.0.0",
      "license": "MIT",
      "dependencies": {
        "@auratrace/node": "file:auratrace-node-1.0.0.tgz"
      }
    },
    "node_modules/@auratrace/node": {
      "version": "1.0.0",
      "resolved": "file:auratrace-node-1.0.0.tgz",
      "integrity": "sha512-22qZSu7661mV7Pw6QY6DZNRlkTO4qohjDQYaPi3nxv4DXzxTQafzK+lqQIRNCxSWG/8kqy3WnnjiVO8wOqNDbw==",
      "license": "MIT"
    }
  }
}
